github.com/juliuspr/horn-playing-resources v0.0.0-20220215141622-4528788eaf02 h1:b6JtaDXI5Lyw+C8cuFXYdDCRXkS39sgXz7Dd3baeCKs=
github.com/juliuspr/horn-playing-resources v0.0.0-20220215141622-4528788eaf02/go.mod h1:FnEsLC2GJxdfV7r0Wy1V9kMJN94Vuh8xNwM2519DxTo=
github.com/juliuspr/horn-playing-resources v0.0.0-20220215143424-8a6ae20e617f h1:jXKjum8WdGFsFweZ5i4PTk5ECE89xpZmhRBBi3K1/9k=
github.com/juliuspr/horn-playing-resources v0.0.0-20220215143424-8a6ae20e617f/go.mod h1:FnEsLC2GJxdfV7r0Wy1V9kMJN94Vuh8xNwM2519DxTo=
github.com/juliuspr/horn-playing-resources v0.0.0-20220215144237-7de3da3343c2 h1:9UGfifnH7ghI61TqITKdIhmjbO9LJVaI2mCx/EFgazo=
github.com/juliuspr/horn-playing-resources v0.0.0-20220215144237-7de3da3343c2/go.mod h1:FnEsLC2GJxdfV7r0Wy1V9kMJN94Vuh8xNwM2519DxTo=
github.com/juliuspr/hugo-theme-library v0.0.0-20220120210343-a3eeb749b25c h1:a4Hc9GU3GMNwTvNo2e2HFBT/Kge+RXsii4I1Z+xvUbM=
github.com/juliuspr/hugo-theme-library v0.0.0-20220120210343-a3eeb749b25c/go.mod h1:oPhFD9PzmBtLEJCzioHhWV1QTGqAtTqBs49pgBkiEU8=
github.com/juliuspr/hugo-theme-listed-again v0.0.0-20220109125116-5972b6b70915 h1:ERBTlZ2MzDhYMyurDLU+R61H7tiRPVHl9F0gU9mwGV0=
github.com/juliuspr/hugo-theme-listed-again v0.0.0-20220109125116-5972b6b70915/go.mod h1:KyD59BDV+n0DNPBk3SZwGpg+HDDEDs2AeRXPiwc+VW8=
github.com/juliuspr/on-hornplaying v0.0.0-20220203091332-b4e25b964a7f h1:C6khGjlMEvbjjga926hBvT3GtctDptxUjBh4FxZI7Zs=
github.com/juliuspr/on-hornplaying v0.0.0-20220203091332-b4e25b964a7f/go.mod h1:ztIxZFOEFO/KEmo0Dmw9aq+o+dU+J0zAlwNPBeaGwgg=
