github.com/juliuspr/horn-playing-resources v0.0.0-20220311110509-07dc4703bd07 h1:oaf2lp9E9hvPCCA/M77ef00vc1dBLniC7iDppAUTGTI=
github.com/juliuspr/horn-playing-resources v0.0.0-20220311110509-07dc4703bd07/go.mod h1:FnEsLC2GJxdfV7r0Wy1V9kMJN94Vuh8xNwM2519DxTo=
github.com/juliuspr/horn-playing-resources v0.0.0-20220831062658-d4f38874b4ef h1:qJkw7RpOx01pZMozTtoxXPThMZpgLjNTagV4U2h+yFo=
github.com/juliuspr/horn-playing-resources v0.0.0-20220831062658-d4f38874b4ef/go.mod h1:FnEsLC2GJxdfV7r0Wy1V9kMJN94Vuh8xNwM2519DxTo=
github.com/juliuspr/horn-playing-resources v0.0.0-20220831091522-ecdf080fff3d h1:+Gjb+Jd+CrzZ3zGSrml2zZLjhKOJp56+WT3SSBaMZK0=
github.com/juliuspr/horn-playing-resources v0.0.0-20220831091522-ecdf080fff3d/go.mod h1:FnEsLC2GJxdfV7r0Wy1V9kMJN94Vuh8xNwM2519DxTo=
github.com/juliuspr/horn-playing-resources v0.0.0-20220922172006-94440921a172 h1:f6Isroa79ZfX9TXO+IdgkrNKph3gkLAcDZe33jOyBYU=
github.com/juliuspr/horn-playing-resources v0.0.0-20220922172006-94440921a172/go.mod h1:FnEsLC2GJxdfV7r0Wy1V9kMJN94Vuh8xNwM2519DxTo=
github.com/juliuspr/horn-playing-resources v0.0.0-20221004110058-ba84dfb08acf h1:AGVjv2fb6/MV89vz7vv+rkSVDWFyy/nPjbP75E+a3qA=
github.com/juliuspr/horn-playing-resources v0.0.0-20221004110058-ba84dfb08acf/go.mod h1:FnEsLC2GJxdfV7r0Wy1V9kMJN94Vuh8xNwM2519DxTo=
github.com/juliuspr/horn-playing-resources v0.0.0-20221012175103-10e7411b64d1 h1:W1fwKVrKf22jrc1F1Ze+B/NEsaQFnycouapUYJZ97So=
github.com/juliuspr/horn-playing-resources v0.0.0-20221012175103-10e7411b64d1/go.mod h1:FnEsLC2GJxdfV7r0Wy1V9kMJN94Vuh8xNwM2519DxTo=
github.com/juliuspr/horn-playing-resources v0.0.0-20221012184329-fb1bb5552709 h1:i7C/RhUKvy2hIJzqYmQFCJw03o4Hd4SZ1YWffods7P0=
github.com/juliuspr/horn-playing-resources v0.0.0-20221012184329-fb1bb5552709/go.mod h1:FnEsLC2GJxdfV7r0Wy1V9kMJN94Vuh8xNwM2519DxTo=
github.com/juliuspr/horn-playing-resources v0.0.0-20221013173849-1dc3488785a2 h1:kEWhUmRj4wtKoCKWgYPF48hRWTnAZFVkTnNW0Hu+yaY=
github.com/juliuspr/horn-playing-resources v0.0.0-20221013173849-1dc3488785a2/go.mod h1:FnEsLC2GJxdfV7r0Wy1V9kMJN94Vuh8xNwM2519DxTo=
github.com/juliuspr/horn-playing-resources v0.0.0-20221014081834-705edb20c705 h1:glf9HR84cU+hVbFUKz+t8M/ZoDLlKsipP+zW0h9hZdw=
github.com/juliuspr/horn-playing-resources v0.0.0-20221014081834-705edb20c705/go.mod h1:FnEsLC2GJxdfV7r0Wy1V9kMJN94Vuh8xNwM2519DxTo=
github.com/juliuspr/horn-playing-resources v0.0.0-20221017064332-4a46cb807d57 h1:erVu5eMorJh5FcC7bOPmfp7aK3uOAR4UI+adaw7/DAU=
github.com/juliuspr/horn-playing-resources v0.0.0-20221017064332-4a46cb807d57/go.mod h1:FnEsLC2GJxdfV7r0Wy1V9kMJN94Vuh8xNwM2519DxTo=
github.com/juliuspr/hugo-theme-library v0.0.0-20220311110434-0d99428d9963 h1:VFXAhCzke/wB8Hbcz1+3xXOU3WelyImxqfrZon3/usA=
github.com/juliuspr/hugo-theme-library v0.0.0-20220311110434-0d99428d9963/go.mod h1:SHR1h+4ifXXqGlsjRpZ+cqQhUKtIbQoRUzYYjuTdIrI=
github.com/juliuspr/hugo-theme-library v0.0.0-20220922171941-3cd07f2f09a6 h1:eHlqUK/9U6x4qMJmHy57l9g+MUCWqSEFiOXO2GGCkMI=
github.com/juliuspr/hugo-theme-library v0.0.0-20220922171941-3cd07f2f09a6/go.mod h1:SHR1h+4ifXXqGlsjRpZ+cqQhUKtIbQoRUzYYjuTdIrI=
github.com/juliuspr/hugo-theme-library v0.0.0-20221007140310-599af7136132 h1:TebT927Kqt2GIhLeyqv3LA4eO21/qhnFWlEmKHTSZE8=
github.com/juliuspr/hugo-theme-library v0.0.0-20221007140310-599af7136132/go.mod h1:SHR1h+4ifXXqGlsjRpZ+cqQhUKtIbQoRUzYYjuTdIrI=
github.com/juliuspr/hugo-theme-library v0.0.0-20221017064421-619dba7452b6 h1:q2Smj0NOW4SzUkMcDNqh8fkbhCVHHAFK3jBs1nWavZc=
github.com/juliuspr/hugo-theme-library v0.0.0-20221017064421-619dba7452b6/go.mod h1:SHR1h+4ifXXqGlsjRpZ+cqQhUKtIbQoRUzYYjuTdIrI=
github.com/juliuspr/on-hornplaying v0.0.0-20220404122749-b9b0e2f8afca h1:n3CU9N3QTtJto5WxDuRqzSvUUDAklQjlq/4Ns4R94hA=
github.com/juliuspr/on-hornplaying v0.0.0-20220404122749-b9b0e2f8afca/go.mod h1:9sFMxQY8jE6aeoqlSGEg78ZxnuQuLnFLW/vsBCsYaEw=
github.com/juliuspr/on-hornplaying v0.0.0-20220823083931-5a25f7aa397a h1:tI5FdfQUgtZTDgdMXcMjnPFrpq/0TRZTtW+tvzY5R8c=
github.com/juliuspr/on-hornplaying v0.0.0-20220823083931-5a25f7aa397a/go.mod h1:leyLr6SkGZ65WBi27V0XuyOKw8gkVRrb3fBsYpFf5bM=
github.com/juliuspr/on-hornplaying v0.0.0-20220831062604-f3ccc8a528af h1:ZA03JRv0FTWLPUCwCdwtNQr2PLmPUfkEwkEwz+mtFzM=
github.com/juliuspr/on-hornplaying v0.0.0-20220831062604-f3ccc8a528af/go.mod h1:leyLr6SkGZ65WBi27V0XuyOKw8gkVRrb3fBsYpFf5bM=
github.com/juliuspr/on-hornplaying v0.0.0-20220922171921-9faa8c600646 h1:2XBjknBAY89iIHIhY4jH+cP7+pIsY/mNPIfCm+14w/E=
github.com/juliuspr/on-hornplaying v0.0.0-20220922171921-9faa8c600646/go.mod h1:leyLr6SkGZ65WBi27V0XuyOKw8gkVRrb3fBsYpFf5bM=
github.com/juliuspr/on-hornplaying v0.0.0-20221007140411-5c076503781f h1:YG9cdPNUbjoGulahNI2NV5nPpHjOl5KsO0BGCdtjR5M=
github.com/juliuspr/on-hornplaying v0.0.0-20221007140411-5c076503781f/go.mod h1:leyLr6SkGZ65WBi27V0XuyOKw8gkVRrb3fBsYpFf5bM=
github.com/juliuspr/on-hornplaying v0.0.0-20221012175019-7f4dca7d12c5 h1:MWW+VMNp2G8Ian1PCR2e8Q1E71vxbIv78df0a+bTspM=
github.com/juliuspr/on-hornplaying v0.0.0-20221012175019-7f4dca7d12c5/go.mod h1:leyLr6SkGZ65WBi27V0XuyOKw8gkVRrb3fBsYpFf5bM=
github.com/juliuspr/on-hornplaying v0.0.0-20221012181827-92da077b4d90 h1:SXWQ6O4JNDX68b+QMgJy8LbJHbX8Fik2S6zcNlT+0Uw=
github.com/juliuspr/on-hornplaying v0.0.0-20221012181827-92da077b4d90/go.mod h1:leyLr6SkGZ65WBi27V0XuyOKw8gkVRrb3fBsYpFf5bM=
github.com/juliuspr/on-hornplaying v0.0.0-20221013174238-49b20ac8122f h1:iqm+S6NpeSLEUIJOoTdpvQBPHbm1/NDlHj38EgswCzc=
github.com/juliuspr/on-hornplaying v0.0.0-20221013174238-49b20ac8122f/go.mod h1:leyLr6SkGZ65WBi27V0XuyOKw8gkVRrb3fBsYpFf5bM=
github.com/juliuspr/on-hornplaying v0.0.0-20221014074815-684c7de3486f h1:6/TgHvdK9DAmZe4Tk+62WgpJ3wSKbyzQ4O9nyChhHPE=
github.com/juliuspr/on-hornplaying v0.0.0-20221014074815-684c7de3486f/go.mod h1:leyLr6SkGZ65WBi27V0XuyOKw8gkVRrb3fBsYpFf5bM=
github.com/juliuspr/on-hornplaying v0.0.0-20221017064322-c81b3bad728c h1:CDijwE7DoGxwpsTWLDzJLEvHgMG3vh/WwqEResyUE50=
github.com/juliuspr/on-hornplaying v0.0.0-20221017064322-c81b3bad728c/go.mod h1:leyLr6SkGZ65WBi27V0XuyOKw8gkVRrb3fBsYpFf5bM=
